PODS:
  - Leanplum-iOS-Location (2.2.5-beta.11):
    - Leanplum-iOS-SDK
  - Leanplum-iOS-LocationAndBeacons (2.2.5-beta.11):
    - Leanplum-iOS-SDK
  - Leanplum-iOS-SDK (2.2.4)
  - OCMock (3.3.1)

DEPENDENCIES:
  - Leanplum-iOS-Location (from `../`)
  - Leanplum-iOS-LocationAndBeacons (from `../`)
  - Leanplum-iOS-SDK
  - OCMock (~> 3.3.1)

SPEC REPOS:
  https://github.com/cocoapods/specs.git:
    - Leanplum-iOS-SDK
    - OCMock

EXTERNAL SOURCES:
  Leanplum-iOS-Location:
    :path: "../"
  Leanplum-iOS-LocationAndBeacons:
    :path: "../"

SPEC CHECKSUMS:
  Leanplum-iOS-Location: 62c47cdaaafd3543a73bc6417894685a3aee5613
  Leanplum-iOS-LocationAndBeacons: eea67b145ee86e34ff8716e38a66d588c7b114ab
  Leanplum-iOS-SDK: c80460cf6234355bb419fae12c061df19d319e40
  OCMock: f3f61e6eaa16038c30caa5798c5e49d3307b6f22

PODFILE CHECKSUM: 5ce4a4fc5ded31e665b2c3b862abc4647171b2a8

COCOAPODS: 1.5.3
