PODS:
  - Leanplum-iOS-Location (2.2.5-beta.10):
    - Leanplum-iOS-SDK
  - Leanplum-iOS-LocationAndBeacons (2.2.5-beta.10):
    - Leanplum-iOS-SDK
  - Leanplum-iOS-SDK (2.2.4)
  - OCMock (3.3.1)

DEPENDENCIES:
  - Leanplum-iOS-Location (from `../`)
  - Leanplum-iOS-LocationAndBeacons (from `../`)
  - Leanplum-iOS-SDK
  - OCMock (~> 3.3.1)

SPEC REPOS:
  https://github.com/cocoapods/specs.git:
    - Leanplum-iOS-SDK
    - OCMock

EXTERNAL SOURCES:
  Leanplum-iOS-Location:
    :path: "../"
  Leanplum-iOS-LocationAndBeacons:
    :path: "../"

SPEC CHECKSUMS:
  Leanplum-iOS-Location: 58bb54a0fdc3f224a9c656e9a12d7923739b48eb
  Leanplum-iOS-LocationAndBeacons: 6046c21beb9f2555d339550f85b7b28bf14cdb39
  Leanplum-iOS-SDK: c80460cf6234355bb419fae12c061df19d319e40
  OCMock: f3f61e6eaa16038c30caa5798c5e49d3307b6f22

PODFILE CHECKSUM: 5ce4a4fc5ded31e665b2c3b862abc4647171b2a8

COCOAPODS: 1.5.3
